
Microsoft Visual Studio Solution File, Format Version 12.00
# Visual Studio Version 16
VisualStudioVersion = 16.0.30413.136
MinimumVisualStudioVersion = 10.0.40219.1
Project("{FAE04EC0-301F-11D3-BF4B-00C04F79EFBC}") = "XiangJiang.Orm.EntityFramework", "XiangJiang.Orm.EntityFramework\XiangJiang.Orm.EntityFramework.csproj", "{E07CC446-888D-4869-8AFD-65DD3803BE6E}"
EndProject
Global
	GlobalSection(SolutionConfigurationPlatforms) = preSolution
		Debug|Any CPU = Debug|Any CPU
		Release|Any CPU = Release|Any CPU
	EndGlobalSection
	GlobalSection(ProjectConfigurationPlatforms) = postSolution
		{E07CC446-888D-4869-8AFD-65DD3803BE6E}.Debug|Any CPU.ActiveCfg = Debug|Any CPU
		{E07CC446-888D-4869-8AFD-65DD3803BE6E}.Debug|Any CPU.Build.0 = Debug|Any CPU
		{E07CC446-888D-4869-8AFD-65DD3803BE6E}.Release|Any CPU.ActiveCfg = Release|Any CPU
		{E07CC446-888D-4869-8AFD-65DD3803BE6E}.Release|Any CPU.Build.0 = Release|Any CPU
	EndGlobalSection
	GlobalSection(SolutionProperties) = preSolution
		HideSolutionNode = FALSE
	EndGlobalSection
	GlobalSection(ExtensibilityGlobals) = postSolution
		SolutionGuid = {C2DE0234-2FC3-4DCC-B940-DEA0159BABAC}
	EndGlobalSection
EndGlobal
